
Microsoft Visual Studio Solution File, Format Version 12.00
# Visual Studio Version 17
VisualStudioVersion = 17.5.002.0
MinimumVisualStudioVersion = 10.0.40219.1
Project("{FAE04EC0-301F-11D3-BF4B-00C04F79EFBC}") = "PetShop", "PetShop\PetShop.csproj", "{3B96D1B9-6C1E-4E3A-935D-2D77BE48FE06}"
EndProject
Project("{FAE04EC0-301F-11D3-BF4B-00C04F79EFBC}") = "PetShop.Tests", "PetShop.Tests\PetShop.Tests.csproj", "{C0ECED1D-1F90-4825-AA23-FFAAA4DABAE7}"
EndProject
Global
	GlobalSection(SolutionConfigurationPlatforms) = preSolution
		Debug|Any CPU = Debug|Any CPU
		Release|Any CPU = Release|Any CPU
	EndGlobalSection
	GlobalSection(ProjectConfigurationPlatforms) = postSolution
		{3B96D1B9-6C1E-4E3A-935D-2D77BE48FE06}.Debug|Any CPU.ActiveCfg = Debug|Any CPU
		{3B96D1B9-6C1E-4E3A-935D-2D77BE48FE06}.Debug|Any CPU.Build.0 = Debug|Any CPU
		{3B96D1B9-6C1E-4E3A-935D-2D77BE48FE06}.Release|Any CPU.ActiveCfg = Release|Any CPU
		{3B96D1B9-6C1E-4E3A-935D-2D77BE48FE06}.Release|Any CPU.Build.0 = Release|Any CPU
		{C0ECED1D-1F90-4825-AA23-FFAAA4DABAE7}.Debug|Any CPU.ActiveCfg = Debug|Any CPU
		{C0ECED1D-1F90-4825-AA23-FFAAA4DABAE7}.Debug|Any CPU.Build.0 = Debug|Any CPU
		{C0ECED1D-1F90-4825-AA23-FFAAA4DABAE7}.Release|Any CPU.ActiveCfg = Release|Any CPU
		{C0ECED1D-1F90-4825-AA23-FFAAA4DABAE7}.Release|Any CPU.Build.0 = Release|Any CPU
	EndGlobalSection
	GlobalSection(SolutionProperties) = preSolution
		HideSolutionNode = FALSE
	EndGlobalSection
	GlobalSection(ExtensibilityGlobals) = postSolution
		SolutionGuid = {A124D5A4-BFEF-4D8C-B2A5-0FCD87EB1F3A}
	EndGlobalSection
EndGlobal
